# THIS IS AN AUTOGENERATED FILE. DO NOT EDIT THIS FILE DIRECTLY.
# yarn lockfile v1


graceful-fs@^4.1.9:
  version "4.2.6"
  resolved "https://registry.nlark.com/graceful-fs/download/graceful-fs-4.2.6.tgz#ff040b2b0853b23c3d31027523706f1885d76bee"
  integrity sha1-/wQLKwhTsjw9MQJ1I3BvGIXXa+4=

klaw@^3.0.0:
  version "3.0.0"
  resolved "https://registry.nlark.com/klaw/download/klaw-3.0.0.tgz?cache=0&sync_timestamp=1618847002494&other_urls=https%3A%2F%2Fregistry.nlark.com%2Fklaw%2Fdownload%2Fklaw-3.0.0.tgz#b11bec9cf2492f06756d6e809ab73a2910259146"
  integrity sha1-sRvsnPJJLwZ1bW6Amrc6KRAlkUY=
  dependencies:
    graceful-fs "^4.1.9"

lodash@^4.17.21:
  version "4.17.21"
  resolved "https://registry.nlark.com/lodash/download/lodash-4.17.21.tgz#679591c564c3bffaae8454cf0b3df370c3d6911c"
  integrity sha1-Z5WRxWTDv/quhFTPCz3zcMPWkRw=
